
Microsoft Visual Studio Solution File, Format Version 12.00
# Visual Studio Version 17
VisualStudioVersion = 17.10.35122.118
MinimumVisualStudioVersion = 10.0.40219.1
Project("{FAE04EC0-301F-11D3-BF4B-00C04F79EFBC}") = "ConsoleApp1", "ConsoleApp1\ConsoleApp1.csproj", "{4E457587-8A7A-48CD-867C-E40556494179}"
EndProject
Project("{2150E333-8FDC-42A3-9474-1A3956D46DE8}") = "Itens de Solução", "Itens de Solução", "{25DEA292-6C2D-4004-B647-FAFE6F8A8236}"
EndProject
Global
	GlobalSection(SolutionConfigurationPlatforms) = preSolution
		Debug|Any CPU = Debug|Any CPU
		Release|Any CPU = Release|Any CPU
	EndGlobalSection
	GlobalSection(ProjectConfigurationPlatforms) = postSolution
		{4E457587-8A7A-48CD-867C-E40556494179}.Debug|Any CPU.ActiveCfg = Debug|Any CPU
		{4E457587-8A7A-48CD-867C-E40556494179}.Debug|Any CPU.Build.0 = Debug|Any CPU
		{4E457587-8A7A-48CD-867C-E40556494179}.Release|Any CPU.ActiveCfg = Release|Any CPU
		{4E457587-8A7A-48CD-867C-E40556494179}.Release|Any CPU.Build.0 = Release|Any CPU
	EndGlobalSection
	GlobalSection(SolutionProperties) = preSolution
		HideSolutionNode = FALSE
	EndGlobalSection
	GlobalSection(ExtensibilityGlobals) = postSolution
		SolutionGuid = {EFE3C8C8-1C89-4E89-9436-0321B13B3748}
	EndGlobalSection
EndGlobal
